
Microsoft Visual Studio Solution File, Format Version 12.00
# Visual Studio Version 16
VisualStudioVersion = 16.0.32002.261
MinimumVisualStudioVersion = 10.0.40219.1
Project("{FAE04EC0-301F-11D3-BF4B-00C04F79EFBC}") = "DateTime_Step369", "DateTime_Step369\DateTime_Step369.csproj", "{BAD65733-EEFC-4213-9DB6-F82391F48D49}"
EndProject
Global
	GlobalSection(SolutionConfigurationPlatforms) = preSolution
		Debug|Any CPU = Debug|Any CPU
		Release|Any CPU = Release|Any CPU
	EndGlobalSection
	GlobalSection(ProjectConfigurationPlatforms) = postSolution
		{BAD65733-EEFC-4213-9DB6-F82391F48D49}.Debug|Any CPU.ActiveCfg = Debug|Any CPU
		{BAD65733-EEFC-4213-9DB6-F82391F48D49}.Debug|Any CPU.Build.0 = Debug|Any CPU
		{BAD65733-EEFC-4213-9DB6-F82391F48D49}.Release|Any CPU.ActiveCfg = Release|Any CPU
		{BAD65733-EEFC-4213-9DB6-F82391F48D49}.Release|Any CPU.Build.0 = Release|Any CPU
	EndGlobalSection
	GlobalSection(SolutionProperties) = preSolution
		HideSolutionNode = FALSE
	EndGlobalSection
	GlobalSection(ExtensibilityGlobals) = postSolution
		SolutionGuid = {07085B0B-06E7-4488-B2A9-6650F8E71A5F}
	EndGlobalSection
EndGlobal
