
Microsoft Visual Studio Solution File, Format Version 12.00
# Visual Studio Version 16
VisualStudioVersion = 16.0.31729.503
MinimumVisualStudioVersion = 10.0.40219.1
Project("{FAE04EC0-301F-11D3-BF4B-00C04F79EFBC}") = "MethodStep280", "MethodStep280\MethodStep280.csproj", "{F14A9E6C-7FF4-429B-9B1D-A164167EBC5F}"
EndProject
Global
	GlobalSection(SolutionConfigurationPlatforms) = preSolution
		Debug|Any CPU = Debug|Any CPU
		Release|Any CPU = Release|Any CPU
	EndGlobalSection
	GlobalSection(ProjectConfigurationPlatforms) = postSolution
		{F14A9E6C-7FF4-429B-9B1D-A164167EBC5F}.Debug|Any CPU.ActiveCfg = Debug|Any CPU
		{F14A9E6C-7FF4-429B-9B1D-A164167EBC5F}.Debug|Any CPU.Build.0 = Debug|Any CPU
		{F14A9E6C-7FF4-429B-9B1D-A164167EBC5F}.Release|Any CPU.ActiveCfg = Release|Any CPU
		{F14A9E6C-7FF4-429B-9B1D-A164167EBC5F}.Release|Any CPU.Build.0 = Release|Any CPU
	EndGlobalSection
	GlobalSection(SolutionProperties) = preSolution
		HideSolutionNode = FALSE
	EndGlobalSection
	GlobalSection(ExtensibilityGlobals) = postSolution
		SolutionGuid = {DA643E01-63AE-4262-8FA9-CD7720B8E953}
	EndGlobalSection
EndGlobal
