
Microsoft Visual Studio Solution File, Format Version 12.00
# Visual Studio Version 16
VisualStudioVersion = 16.0.31729.503
MinimumVisualStudioVersion = 10.0.40219.1
Project("{FAE04EC0-301F-11D3-BF4B-00C04F79EFBC}") = "CallingMethods", "CallingMethods\CallingMethods.csproj", "{1F9FF691-BA20-4804-9B87-74678DCE4E17}"
EndProject
Global
	GlobalSection(SolutionConfigurationPlatforms) = preSolution
		Debug|Any CPU = Debug|Any CPU
		Release|Any CPU = Release|Any CPU
	EndGlobalSection
	GlobalSection(ProjectConfigurationPlatforms) = postSolution
		{1F9FF691-BA20-4804-9B87-74678DCE4E17}.Debug|Any CPU.ActiveCfg = Debug|Any CPU
		{1F9FF691-BA20-4804-9B87-74678DCE4E17}.Debug|Any CPU.Build.0 = Debug|Any CPU
		{1F9FF691-BA20-4804-9B87-74678DCE4E17}.Release|Any CPU.ActiveCfg = Release|Any CPU
		{1F9FF691-BA20-4804-9B87-74678DCE4E17}.Release|Any CPU.Build.0 = Release|Any CPU
	EndGlobalSection
	GlobalSection(SolutionProperties) = preSolution
		HideSolutionNode = FALSE
	EndGlobalSection
	GlobalSection(ExtensibilityGlobals) = postSolution
		SolutionGuid = {4A0F6460-19ED-415C-95DB-0DDC77A3C9CA}
	EndGlobalSection
EndGlobal
