
Microsoft Visual Studio Solution File, Format Version 12.00
# Visual Studio Version 16
VisualStudioVersion = 16.0.32002.261
MinimumVisualStudioVersion = 10.0.40219.1
Project("{FAE04EC0-301F-11D3-BF4B-00C04F79EFBC}") = "Constructors_Step383", "Constructors_Step383\Constructors_Step383.csproj", "{B95162E5-9635-447B-B691-62609322F39A}"
EndProject
Global
	GlobalSection(SolutionConfigurationPlatforms) = preSolution
		Debug|Any CPU = Debug|Any CPU
		Release|Any CPU = Release|Any CPU
	EndGlobalSection
	GlobalSection(ProjectConfigurationPlatforms) = postSolution
		{B95162E5-9635-447B-B691-62609322F39A}.Debug|Any CPU.ActiveCfg = Debug|Any CPU
		{B95162E5-9635-447B-B691-62609322F39A}.Debug|Any CPU.Build.0 = Debug|Any CPU
		{B95162E5-9635-447B-B691-62609322F39A}.Release|Any CPU.ActiveCfg = Release|Any CPU
		{B95162E5-9635-447B-B691-62609322F39A}.Release|Any CPU.Build.0 = Release|Any CPU
	EndGlobalSection
	GlobalSection(SolutionProperties) = preSolution
		HideSolutionNode = FALSE
	EndGlobalSection
	GlobalSection(ExtensibilityGlobals) = postSolution
		SolutionGuid = {02E58FE8-0A01-4E59-8096-95C9DF99EF8F}
	EndGlobalSection
EndGlobal
