
Microsoft Visual Studio Solution File, Format Version 12.00
# Visual Studio Version 16
VisualStudioVersion = 16.0.32002.261
MinimumVisualStudioVersion = 10.0.40219.1
Project("{FAE04EC0-301F-11D3-BF4B-00C04F79EFBC}") = "ServerTime", "ServerTime\ServerTime.csproj", "{988AF9BB-C73E-48C2-95AE-0F3F1204DEBC}"
EndProject
Global
	GlobalSection(SolutionConfigurationPlatforms) = preSolution
		Debug|Any CPU = Debug|Any CPU
		Release|Any CPU = Release|Any CPU
	EndGlobalSection
	GlobalSection(ProjectConfigurationPlatforms) = postSolution
		{988AF9BB-C73E-48C2-95AE-0F3F1204DEBC}.Debug|Any CPU.ActiveCfg = Debug|Any CPU
		{988AF9BB-C73E-48C2-95AE-0F3F1204DEBC}.Debug|Any CPU.Build.0 = Debug|Any CPU
		{988AF9BB-C73E-48C2-95AE-0F3F1204DEBC}.Release|Any CPU.ActiveCfg = Release|Any CPU
		{988AF9BB-C73E-48C2-95AE-0F3F1204DEBC}.Release|Any CPU.Build.0 = Release|Any CPU
	EndGlobalSection
	GlobalSection(SolutionProperties) = preSolution
		HideSolutionNode = FALSE
	EndGlobalSection
	GlobalSection(ExtensibilityGlobals) = postSolution
		SolutionGuid = {1D4238B6-BDCA-4ADD-9D93-53EA523C9357}
	EndGlobalSection
EndGlobal
