
Microsoft Visual Studio Solution File, Format Version 12.00
# Visual Studio Version 16
VisualStudioVersion = 16.0.31729.503
MinimumVisualStudioVersion = 10.0.40219.1
Project("{FAE04EC0-301F-11D3-BF4B-00C04F79EFBC}") = "String_Assignment", "String_Assignment\String_Assignment.csproj", "{BC04C4A7-FD4B-4A6C-A4EA-60CCE96D3B12}"
EndProject
Global
	GlobalSection(SolutionConfigurationPlatforms) = preSolution
		Debug|Any CPU = Debug|Any CPU
		Release|Any CPU = Release|Any CPU
	EndGlobalSection
	GlobalSection(ProjectConfigurationPlatforms) = postSolution
		{BC04C4A7-FD4B-4A6C-A4EA-60CCE96D3B12}.Debug|Any CPU.ActiveCfg = Debug|Any CPU
		{BC04C4A7-FD4B-4A6C-A4EA-60CCE96D3B12}.Debug|Any CPU.Build.0 = Debug|Any CPU
		{BC04C4A7-FD4B-4A6C-A4EA-60CCE96D3B12}.Release|Any CPU.ActiveCfg = Release|Any CPU
		{BC04C4A7-FD4B-4A6C-A4EA-60CCE96D3B12}.Release|Any CPU.Build.0 = Release|Any CPU
	EndGlobalSection
	GlobalSection(SolutionProperties) = preSolution
		HideSolutionNode = FALSE
	EndGlobalSection
	GlobalSection(ExtensibilityGlobals) = postSolution
		SolutionGuid = {5585B03D-F139-462E-8959-DADB656BFA37}
	EndGlobalSection
EndGlobal
