
Microsoft Visual Studio Solution File, Format Version 12.00
# Visual Studio Version 16
VisualStudioVersion = 16.0.31729.503
MinimumVisualStudioVersion = 10.0.40219.1
Project("{FAE04EC0-301F-11D3-BF4B-00C04F79EFBC}") = "AnonymousIncomeComparison", "AnonymousIncomeComparison\AnonymousIncomeComparison.csproj", "{8F840F21-BA06-4E19-A080-027F8A3F911E}"
EndProject
Global
	GlobalSection(SolutionConfigurationPlatforms) = preSolution
		Debug|Any CPU = Debug|Any CPU
		Release|Any CPU = Release|Any CPU
	EndGlobalSection
	GlobalSection(ProjectConfigurationPlatforms) = postSolution
		{8F840F21-BA06-4E19-A080-027F8A3F911E}.Debug|Any CPU.ActiveCfg = Debug|Any CPU
		{8F840F21-BA06-4E19-A080-027F8A3F911E}.Debug|Any CPU.Build.0 = Debug|Any CPU
		{8F840F21-BA06-4E19-A080-027F8A3F911E}.Release|Any CPU.ActiveCfg = Release|Any CPU
		{8F840F21-BA06-4E19-A080-027F8A3F911E}.Release|Any CPU.Build.0 = Release|Any CPU
	EndGlobalSection
	GlobalSection(SolutionProperties) = preSolution
		HideSolutionNode = FALSE
	EndGlobalSection
	GlobalSection(ExtensibilityGlobals) = postSolution
		SolutionGuid = {E7CDFBF3-6BD9-4A6F-B074-CD0404D4AB31}
	EndGlobalSection
EndGlobal
