
Microsoft Visual Studio Solution File, Format Version 12.00
# Visual Studio Version 16
VisualStudioVersion = 16.0.32002.261
MinimumVisualStudioVersion = 10.0.40219.1
Project("{FAE04EC0-301F-11D3-BF4B-00C04F79EFBC}") = "ParsingEnums_Step324", "ParsingEnums_Step324\ParsingEnums_Step324.csproj", "{A0D77131-F180-47CE-AC1B-0A90E593FE95}"
EndProject
Global
	GlobalSection(SolutionConfigurationPlatforms) = preSolution
		Debug|Any CPU = Debug|Any CPU
		Release|Any CPU = Release|Any CPU
	EndGlobalSection
	GlobalSection(ProjectConfigurationPlatforms) = postSolution
		{A0D77131-F180-47CE-AC1B-0A90E593FE95}.Debug|Any CPU.ActiveCfg = Debug|Any CPU
		{A0D77131-F180-47CE-AC1B-0A90E593FE95}.Debug|Any CPU.Build.0 = Debug|Any CPU
		{A0D77131-F180-47CE-AC1B-0A90E593FE95}.Release|Any CPU.ActiveCfg = Release|Any CPU
		{A0D77131-F180-47CE-AC1B-0A90E593FE95}.Release|Any CPU.Build.0 = Release|Any CPU
	EndGlobalSection
	GlobalSection(SolutionProperties) = preSolution
		HideSolutionNode = FALSE
	EndGlobalSection
	GlobalSection(ExtensibilityGlobals) = postSolution
		SolutionGuid = {C5022FAB-5E71-446D-83F9-390EE4C04A86}
	EndGlobalSection
EndGlobal
