
Microsoft Visual Studio Solution File, Format Version 12.00
# Visual Studio Version 16
VisualStudioVersion = 16.0.32002.261
MinimumVisualStudioVersion = 10.0.40219.1
Project("{FAE04EC0-301F-11D3-BF4B-00C04F79EFBC}") = "WebApplication2", "WebApplication2\WebApplication2.csproj", "{DDBC99F1-8A3F-4B7D-B91F-D57F982CF295}"
EndProject
Global
	GlobalSection(SolutionConfigurationPlatforms) = preSolution
		Debug|Any CPU = Debug|Any CPU
		Release|Any CPU = Release|Any CPU
	EndGlobalSection
	GlobalSection(ProjectConfigurationPlatforms) = postSolution
		{DDBC99F1-8A3F-4B7D-B91F-D57F982CF295}.Debug|Any CPU.ActiveCfg = Debug|Any CPU
		{DDBC99F1-8A3F-4B7D-B91F-D57F982CF295}.Debug|Any CPU.Build.0 = Debug|Any CPU
		{DDBC99F1-8A3F-4B7D-B91F-D57F982CF295}.Release|Any CPU.ActiveCfg = Release|Any CPU
		{DDBC99F1-8A3F-4B7D-B91F-D57F982CF295}.Release|Any CPU.Build.0 = Release|Any CPU
	EndGlobalSection
	GlobalSection(SolutionProperties) = preSolution
		HideSolutionNode = FALSE
	EndGlobalSection
	GlobalSection(ExtensibilityGlobals) = postSolution
		SolutionGuid = {B2FD04F3-4374-4BDB-9B9C-DA9F7519886B}
	EndGlobalSection
EndGlobal
