
Microsoft Visual Studio Solution File, Format Version 12.00
# Visual Studio Version 16
VisualStudioVersion = 16.0.31729.503
MinimumVisualStudioVersion = 10.0.40219.1
Project("{FAE04EC0-301F-11D3-BF4B-00C04F79EFBC}") = "Iteration", "Iteration\Iteration.csproj", "{C27750B0-E569-4032-9D98-BA82ADAB6324}"
EndProject
Global
	GlobalSection(SolutionConfigurationPlatforms) = preSolution
		Debug|Any CPU = Debug|Any CPU
		Release|Any CPU = Release|Any CPU
	EndGlobalSection
	GlobalSection(ProjectConfigurationPlatforms) = postSolution
		{C27750B0-E569-4032-9D98-BA82ADAB6324}.Debug|Any CPU.ActiveCfg = Debug|Any CPU
		{C27750B0-E569-4032-9D98-BA82ADAB6324}.Debug|Any CPU.Build.0 = Debug|Any CPU
		{C27750B0-E569-4032-9D98-BA82ADAB6324}.Release|Any CPU.ActiveCfg = Release|Any CPU
		{C27750B0-E569-4032-9D98-BA82ADAB6324}.Release|Any CPU.Build.0 = Release|Any CPU
	EndGlobalSection
	GlobalSection(SolutionProperties) = preSolution
		HideSolutionNode = FALSE
	EndGlobalSection
	GlobalSection(ExtensibilityGlobals) = postSolution
		SolutionGuid = {CFFC9EAC-772B-49EB-9281-42043F7742B3}
	EndGlobalSection
EndGlobal
