
Microsoft Visual Studio Solution File, Format Version 12.00
# Visual Studio Version 16
VisualStudioVersion = 16.0.32002.261
MinimumVisualStudioVersion = 10.0.40219.1
Project("{FAE04EC0-301F-11D3-BF4B-00C04F79EFBC}") = "AbstractClass_Step302", "AbstractClass_Step302\AbstractClass_Step302.csproj", "{34986A1A-3253-4C8D-A66E-5B2E48B6C822}"
EndProject
Global
	GlobalSection(SolutionConfigurationPlatforms) = preSolution
		Debug|Any CPU = Debug|Any CPU
		Release|Any CPU = Release|Any CPU
	EndGlobalSection
	GlobalSection(ProjectConfigurationPlatforms) = postSolution
		{34986A1A-3253-4C8D-A66E-5B2E48B6C822}.Debug|Any CPU.ActiveCfg = Debug|Any CPU
		{34986A1A-3253-4C8D-A66E-5B2E48B6C822}.Debug|Any CPU.Build.0 = Debug|Any CPU
		{34986A1A-3253-4C8D-A66E-5B2E48B6C822}.Release|Any CPU.ActiveCfg = Release|Any CPU
		{34986A1A-3253-4C8D-A66E-5B2E48B6C822}.Release|Any CPU.Build.0 = Release|Any CPU
	EndGlobalSection
	GlobalSection(SolutionProperties) = preSolution
		HideSolutionNode = FALSE
	EndGlobalSection
	GlobalSection(ExtensibilityGlobals) = postSolution
		SolutionGuid = {C11EDD68-1D50-4E27-9A8F-AAA86ED8243E}
	EndGlobalSection
EndGlobal
