
Microsoft Visual Studio Solution File, Format Version 12.00
# Visual Studio Version 16
VisualStudioVersion = 16.0.31729.503
MinimumVisualStudioVersion = 10.0.40219.1
Project("{FAE04EC0-301F-11D3-BF4B-00C04F79EFBC}") = "TryCatchStringsIntegers", "TryCatchStringsIntegers\TryCatchStringsIntegers.csproj", "{C166B013-D5AF-4CB9-BDC1-5424B3F7D141}"
EndProject
Global
	GlobalSection(SolutionConfigurationPlatforms) = preSolution
		Debug|Any CPU = Debug|Any CPU
		Release|Any CPU = Release|Any CPU
	EndGlobalSection
	GlobalSection(ProjectConfigurationPlatforms) = postSolution
		{C166B013-D5AF-4CB9-BDC1-5424B3F7D141}.Debug|Any CPU.ActiveCfg = Debug|Any CPU
		{C166B013-D5AF-4CB9-BDC1-5424B3F7D141}.Debug|Any CPU.Build.0 = Debug|Any CPU
		{C166B013-D5AF-4CB9-BDC1-5424B3F7D141}.Release|Any CPU.ActiveCfg = Release|Any CPU
		{C166B013-D5AF-4CB9-BDC1-5424B3F7D141}.Release|Any CPU.Build.0 = Release|Any CPU
	EndGlobalSection
	GlobalSection(SolutionProperties) = preSolution
		HideSolutionNode = FALSE
	EndGlobalSection
	GlobalSection(ExtensibilityGlobals) = postSolution
		SolutionGuid = {3DE4EDF9-C66C-4FE7-9CC7-BB10CC5D4AA7}
	EndGlobalSection
EndGlobal
